
Microsoft Visual Studio Solution File, Format Version 12.00
# Visual Studio Version 16
VisualStudioVersion = 16.0.30709.132
MinimumVisualStudioVersion = 10.0.40219.1
Project("{FAE04EC0-301F-11D3-BF4B-00C04F79EFBC}") = "ConsoleApp20", "ConsoleApp20.csproj", "{EBCD79A1-CE98-45D9-9AE5-A8E6C2A88625}"
EndProject
Global
	GlobalSection(SolutionConfigurationPlatforms) = preSolution
		Debug|Any CPU = Debug|Any CPU
		Release|Any CPU = Release|Any CPU
	EndGlobalSection
	GlobalSection(ProjectConfigurationPlatforms) = postSolution
		{EBCD79A1-CE98-45D9-9AE5-A8E6C2A88625}.Debug|Any CPU.ActiveCfg = Debug|Any CPU
		{EBCD79A1-CE98-45D9-9AE5-A8E6C2A88625}.Debug|Any CPU.Build.0 = Debug|Any CPU
		{EBCD79A1-CE98-45D9-9AE5-A8E6C2A88625}.Release|Any CPU.ActiveCfg = Release|Any CPU
		{EBCD79A1-CE98-45D9-9AE5-A8E6C2A88625}.Release|Any CPU.Build.0 = Release|Any CPU
	EndGlobalSection
	GlobalSection(SolutionProperties) = preSolution
		HideSolutionNode = FALSE
	EndGlobalSection
	GlobalSection(ExtensibilityGlobals) = postSolution
		SolutionGuid = {80A7F353-C030-4015-A12B-BD25BEA03357}
	EndGlobalSection
EndGlobal
